
Microsoft Visual Studio Solution File, Format Version 12.00
# Visual Studio Version 17
VisualStudioVersion = 17.11.35327.3
MinimumVisualStudioVersion = 10.0.40219.1
Project("{9A19103F-16F7-4668-BE54-9A1E7A4F7556}") = "Arkanoid", "Arkanoid\Arkanoid.csproj", "{5C133BE1-3259-4AB9-A326-9E409C1CEBFA}"
EndProject
Project("{9A19103F-16F7-4668-BE54-9A1E7A4F7556}") = "ArkanoidTest", "ArkanoidTest\ArkanoidTest.csproj", "{4E1667C2-0D63-4C86-AB8B-0C238D5524C1}"
EndProject
Global
	GlobalSection(SolutionConfigurationPlatforms) = preSolution
		Debug|Any CPU = Debug|Any CPU
		Release|Any CPU = Release|Any CPU
	EndGlobalSection
	GlobalSection(ProjectConfigurationPlatforms) = postSolution
		{5C133BE1-3259-4AB9-A326-9E409C1CEBFA}.Debug|Any CPU.ActiveCfg = Debug|Any CPU
		{5C133BE1-3259-4AB9-A326-9E409C1CEBFA}.Debug|Any CPU.Build.0 = Debug|Any CPU
		{5C133BE1-3259-4AB9-A326-9E409C1CEBFA}.Release|Any CPU.ActiveCfg = Release|Any CPU
		{5C133BE1-3259-4AB9-A326-9E409C1CEBFA}.Release|Any CPU.Build.0 = Release|Any CPU
		{4E1667C2-0D63-4C86-AB8B-0C238D5524C1}.Debug|Any CPU.ActiveCfg = Debug|Any CPU
		{4E1667C2-0D63-4C86-AB8B-0C238D5524C1}.Debug|Any CPU.Build.0 = Debug|Any CPU
		{4E1667C2-0D63-4C86-AB8B-0C238D5524C1}.Release|Any CPU.ActiveCfg = Release|Any CPU
		{4E1667C2-0D63-4C86-AB8B-0C238D5524C1}.Release|Any CPU.Build.0 = Release|Any CPU
	EndGlobalSection
	GlobalSection(SolutionProperties) = preSolution
		HideSolutionNode = FALSE
	EndGlobalSection
	GlobalSection(ExtensibilityGlobals) = postSolution
		SolutionGuid = {6A7C1FA8-AF13-4EC7-9EE8-28444753617E}
	EndGlobalSection
EndGlobal
